
Microsoft Visual Studio Solution File, Format Version 12.00
# Visual Studio 2013
VisualStudioVersion = 12.0.40629.0
MinimumVisualStudioVersion = 10.0.40219.1
Project("{F2A71F9B-5D33-465A-A702-920D77279786}") = "WebSharper.Peity", "WebSharper.Peity\WebSharper.Peity.fsproj", "{F6572263-F083-47FE-94E7-6D1AE9E1B1A1}"
EndProject
Project("{F2A71F9B-5D33-465A-A702-920D77279786}") = "WebSharper.Peity.Tests", "WebSharper.Peity.Tests\WebSharper.Peity.Tests.fsproj", "{83AD4426-A3B5-4736-957A-BE0489339178}"
EndProject
Project("{F2A71F9B-5D33-465A-A702-920D77279786}") = "WebSharper.Peity.Bindings", "WebSharper.Peity.Bindings\WebSharper.Peity.Bindings.fsproj", "{B22AE3D8-DECC-494C-8AC4-B48BE0FDF3BA}"
EndProject
Global
	GlobalSection(SolutionConfigurationPlatforms) = preSolution
		Debug|Any CPU = Debug|Any CPU
		Release|Any CPU = Release|Any CPU
	EndGlobalSection
	GlobalSection(ProjectConfigurationPlatforms) = postSolution
		{F6572263-F083-47FE-94E7-6D1AE9E1B1A1}.Debug|Any CPU.ActiveCfg = Debug|Any CPU
		{F6572263-F083-47FE-94E7-6D1AE9E1B1A1}.Debug|Any CPU.Build.0 = Debug|Any CPU
		{F6572263-F083-47FE-94E7-6D1AE9E1B1A1}.Release|Any CPU.ActiveCfg = Release|Any CPU
		{F6572263-F083-47FE-94E7-6D1AE9E1B1A1}.Release|Any CPU.Build.0 = Release|Any CPU
		{83AD4426-A3B5-4736-957A-BE0489339178}.Debug|Any CPU.ActiveCfg = Debug|Any CPU
		{83AD4426-A3B5-4736-957A-BE0489339178}.Debug|Any CPU.Build.0 = Debug|Any CPU
		{83AD4426-A3B5-4736-957A-BE0489339178}.Release|Any CPU.ActiveCfg = Release|Any CPU
		{83AD4426-A3B5-4736-957A-BE0489339178}.Release|Any CPU.Build.0 = Release|Any CPU
		{B22AE3D8-DECC-494C-8AC4-B48BE0FDF3BA}.Debug|Any CPU.ActiveCfg = Debug|Any CPU
		{B22AE3D8-DECC-494C-8AC4-B48BE0FDF3BA}.Debug|Any CPU.Build.0 = Debug|Any CPU
		{B22AE3D8-DECC-494C-8AC4-B48BE0FDF3BA}.Release|Any CPU.ActiveCfg = Release|Any CPU
		{B22AE3D8-DECC-494C-8AC4-B48BE0FDF3BA}.Release|Any CPU.Build.0 = Release|Any CPU
	EndGlobalSection
	GlobalSection(SolutionProperties) = preSolution
		HideSolutionNode = FALSE
	EndGlobalSection
EndGlobal
